
Microsoft Visual Studio Solution File, Format Version 12.00
# Visual Studio Version 16
VisualStudioVersion = 16.0.29326.143
MinimumVisualStudioVersion = 10.0.40219.1
Project("{FAE04EC0-301F-11D3-BF4B-00C04F79EFBC}") = "Repository", "Repository\Repository.csproj", "{E1C74AEA-00B0-4A64-B1EB-6D84CA7E0B5E}"
EndProject
Project("{FAE04EC0-301F-11D3-BF4B-00C04F79EFBC}") = "Service", "Service\Service.csproj", "{DB42BCAF-58BC-4E58-9408-0F6E0C1569F0}"
EndProject
Project("{FAE04EC0-301F-11D3-BF4B-00C04F79EFBC}") = "Model", "Model\Model.csproj", "{DA044849-BB18-4108-816B-ECAC7834830B}"
EndProject
Project("{FAE04EC0-301F-11D3-BF4B-00C04F79EFBC}") = "SMARTgestion.Android", "SMARTgestion\SMARTgestion.Android\SMARTgestion.Android.csproj", "{4804A6D7-EA57-4571-88FE-1C09A6CE8918}"
EndProject
Project("{9A19103F-16F7-4668-BE54-9A1E7A4F7556}") = "SMARTgestion", "SMARTgestion\SMARTgestion\SMARTgestion.csproj", "{CB52545E-9512-4DD4-A524-A42368BE8306}"
EndProject
Project("{FAE04EC0-301F-11D3-BF4B-00C04F79EFBC}") = "WCFgestion", "WCFgestion\WCFgestion.csproj", "{747A4E53-B782-457A-8233-D297D4A802D9}"
EndProject
Project("{FAE04EC0-301F-11D3-BF4B-00C04F79EFBC}") = "WEBgestion", "WEBgestion\WEBgestion.csproj", "{B6ECA52E-A86B-4F08-9768-00EFFD5396EA}"
EndProject
Project("{FAE04EC0-301F-11D3-BF4B-00C04F79EFBC}") = "WINgestion", "WINgestion\WINgestion.csproj", "{7DC0D5CD-DF53-47EC-B948-0305B2BA8BB9}"
EndProject
Project("{FAE04EC0-301F-11D3-BF4B-00C04F79EFBC}") = "WINformulacion", "WINformulacion\WINformulacion.csproj", "{B6B17E8E-2B86-4AEC-83E8-A22631FED079}"
EndProject
Project("{FAE04EC0-301F-11D3-BF4B-00C04F79EFBC}") = "WCFformulacion", "WCFformulacion\WCFformulacion.csproj", "{4F60BB56-C88D-4D43-98DA-1EAF48C10223}"
EndProject
Global
	GlobalSection(SolutionConfigurationPlatforms) = preSolution
		Ad-Hoc|Any CPU = Ad-Hoc|Any CPU
		Ad-Hoc|ARM = Ad-Hoc|ARM
		Ad-Hoc|iPhone = Ad-Hoc|iPhone
		Ad-Hoc|iPhoneSimulator = Ad-Hoc|iPhoneSimulator
		Ad-Hoc|x64 = Ad-Hoc|x64
		Ad-Hoc|x86 = Ad-Hoc|x86
		AppStore|Any CPU = AppStore|Any CPU
		AppStore|ARM = AppStore|ARM
		AppStore|iPhone = AppStore|iPhone
		AppStore|iPhoneSimulator = AppStore|iPhoneSimulator
		AppStore|x64 = AppStore|x64
		AppStore|x86 = AppStore|x86
		Debug|Any CPU = Debug|Any CPU
		Debug|ARM = Debug|ARM
		Debug|iPhone = Debug|iPhone
		Debug|iPhoneSimulator = Debug|iPhoneSimulator
		Debug|x64 = Debug|x64
		Debug|x86 = Debug|x86
		Release|Any CPU = Release|Any CPU
		Release|ARM = Release|ARM
		Release|iPhone = Release|iPhone
		Release|iPhoneSimulator = Release|iPhoneSimulator
		Release|x64 = Release|x64
		Release|x86 = Release|x86
	EndGlobalSection
	GlobalSection(ProjectConfigurationPlatforms) = postSolution
		{E1C74AEA-00B0-4A64-B1EB-6D84CA7E0B5E}.Ad-Hoc|Any CPU.ActiveCfg = Release|Any CPU
		{E1C74AEA-00B0-4A64-B1EB-6D84CA7E0B5E}.Ad-Hoc|Any CPU.Build.0 = Release|Any CPU
		{E1C74AEA-00B0-4A64-B1EB-6D84CA7E0B5E}.Ad-Hoc|ARM.ActiveCfg = Release|Any CPU
		{E1C74AEA-00B0-4A64-B1EB-6D84CA7E0B5E}.Ad-Hoc|ARM.Build.0 = Release|Any CPU
		{E1C74AEA-00B0-4A64-B1EB-6D84CA7E0B5E}.Ad-Hoc|iPhone.ActiveCfg = Release|Any CPU
		{E1C74AEA-00B0-4A64-B1EB-6D84CA7E0B5E}.Ad-Hoc|iPhone.Build.0 = Release|Any CPU
		{E1C74AEA-00B0-4A64-B1EB-6D84CA7E0B5E}.Ad-Hoc|iPhoneSimulator.ActiveCfg = Release|Any CPU
		{E1C74AEA-00B0-4A64-B1EB-6D84CA7E0B5E}.Ad-Hoc|iPhoneSimulator.Build.0 = Release|Any CPU
		{E1C74AEA-00B0-4A64-B1EB-6D84CA7E0B5E}.Ad-Hoc|x64.ActiveCfg = Release|Any CPU
		{E1C74AEA-00B0-4A64-B1EB-6D84CA7E0B5E}.Ad-Hoc|x64.Build.0 = Release|Any CPU
		{E1C74AEA-00B0-4A64-B1EB-6D84CA7E0B5E}.Ad-Hoc|x86.ActiveCfg = Release|Any CPU
		{E1C74AEA-00B0-4A64-B1EB-6D84CA7E0B5E}.Ad-Hoc|x86.Build.0 = Release|Any CPU
		{E1C74AEA-00B0-4A64-B1EB-6D84CA7E0B5E}.AppStore|Any CPU.ActiveCfg = Release|Any CPU
		{E1C74AEA-00B0-4A64-B1EB-6D84CA7E0B5E}.AppStore|Any CPU.Build.0 = Release|Any CPU
		{E1C74AEA-00B0-4A64-B1EB-6D84CA7E0B5E}.AppStore|ARM.ActiveCfg = Release|Any CPU
		{E1C74AEA-00B0-4A64-B1EB-6D84CA7E0B5E}.AppStore|ARM.Build.0 = Release|Any CPU
		{E1C74AEA-00B0-4A64-B1EB-6D84CA7E0B5E}.AppStore|iPhone.ActiveCfg = Release|Any CPU
		{E1C74AEA-00B0-4A64-B1EB-6D84CA7E0B5E}.AppStore|iPhone.Build.0 = Release|Any CPU
		{E1C74AEA-00B0-4A64-B1EB-6D84CA7E0B5E}.AppStore|iPhoneSimulator.ActiveCfg = Release|Any CPU
		{E1C74AEA-00B0-4A64-B1EB-6D84CA7E0B5E}.AppStore|iPhoneSimulator.Build.0 = Release|Any CPU
		{E1C74AEA-00B0-4A64-B1EB-6D84CA7E0B5E}.AppStore|x64.ActiveCfg = Release|Any CPU
		{E1C74AEA-00B0-4A64-B1EB-6D84CA7E0B5E}.AppStore|x64.Build.0 = Release|Any CPU
		{E1C74AEA-00B0-4A64-B1EB-6D84CA7E0B5E}.AppStore|x86.ActiveCfg = Release|Any CPU
		{E1C74AEA-00B0-4A64-B1EB-6D84CA7E0B5E}.AppStore|x86.Build.0 = Release|Any CPU
		{E1C74AEA-00B0-4A64-B1EB-6D84CA7E0B5E}.Debug|Any CPU.ActiveCfg = Debug|Any CPU
		{E1C74AEA-00B0-4A64-B1EB-6D84CA7E0B5E}.Debug|Any CPU.Build.0 = Debug|Any CPU
		{E1C74AEA-00B0-4A64-B1EB-6D84CA7E0B5E}.Debug|ARM.ActiveCfg = Debug|Any CPU
		{E1C74AEA-00B0-4A64-B1EB-6D84CA7E0B5E}.Debug|ARM.Build.0 = Debug|Any CPU
		{E1C74AEA-00B0-4A64-B1EB-6D84CA7E0B5E}.Debug|iPhone.ActiveCfg = Debug|Any CPU
		{E1C74AEA-00B0-4A64-B1EB-6D84CA7E0B5E}.Debug|iPhone.Build.0 = Debug|Any CPU
		{E1C74AEA-00B0-4A64-B1EB-6D84CA7E0B5E}.Debug|iPhoneSimulator.ActiveCfg = Debug|Any CPU
		{E1C74AEA-00B0-4A64-B1EB-6D84CA7E0B5E}.Debug|iPhoneSimulator.Build.0 = Debug|Any CPU
		{E1C74AEA-00B0-4A64-B1EB-6D84CA7E0B5E}.Debug|x64.ActiveCfg = Debug|Any CPU
		{E1C74AEA-00B0-4A64-B1EB-6D84CA7E0B5E}.Debug|x64.Build.0 = Debug|Any CPU
		{E1C74AEA-00B0-4A64-B1EB-6D84CA7E0B5E}.Debug|x86.ActiveCfg = Debug|Any CPU
		{E1C74AEA-00B0-4A64-B1EB-6D84CA7E0B5E}.Debug|x86.Build.0 = Debug|Any CPU
		{E1C74AEA-00B0-4A64-B1EB-6D84CA7E0B5E}.Release|Any CPU.ActiveCfg = Release|Any CPU
		{E1C74AEA-00B0-4A64-B1EB-6D84CA7E0B5E}.Release|Any CPU.Build.0 = Release|Any CPU
		{E1C74AEA-00B0-4A64-B1EB-6D84CA7E0B5E}.Release|ARM.ActiveCfg = Release|Any CPU
		{E1C74AEA-00B0-4A64-B1EB-6D84CA7E0B5E}.Release|ARM.Build.0 = Release|Any CPU
		{E1C74AEA-00B0-4A64-B1EB-6D84CA7E0B5E}.Release|iPhone.ActiveCfg = Release|Any CPU
		{E1C74AEA-00B0-4A64-B1EB-6D84CA7E0B5E}.Release|iPhone.Build.0 = Release|Any CPU
		{E1C74AEA-00B0-4A64-B1EB-6D84CA7E0B5E}.Release|iPhoneSimulator.ActiveCfg = Release|Any CPU
		{E1C74AEA-00B0-4A64-B1EB-6D84CA7E0B5E}.Release|iPhoneSimulator.Build.0 = Release|Any CPU
		{E1C74AEA-00B0-4A64-B1EB-6D84CA7E0B5E}.Release|x64.ActiveCfg = Release|Any CPU
		{E1C74AEA-00B0-4A64-B1EB-6D84CA7E0B5E}.Release|x64.Build.0 = Release|Any CPU
		{E1C74AEA-00B0-4A64-B1EB-6D84CA7E0B5E}.Release|x86.ActiveCfg = Release|Any CPU
		{E1C74AEA-00B0-4A64-B1EB-6D84CA7E0B5E}.Release|x86.Build.0 = Release|Any CPU
		{DB42BCAF-58BC-4E58-9408-0F6E0C1569F0}.Ad-Hoc|Any CPU.ActiveCfg = Release|Any CPU
		{DB42BCAF-58BC-4E58-9408-0F6E0C1569F0}.Ad-Hoc|Any CPU.Build.0 = Release|Any CPU
		{DB42BCAF-58BC-4E58-9408-0F6E0C1569F0}.Ad-Hoc|ARM.ActiveCfg = Release|Any CPU
		{DB42BCAF-58BC-4E58-9408-0F6E0C1569F0}.Ad-Hoc|ARM.Build.0 = Release|Any CPU
		{DB42BCAF-58BC-4E58-9408-0F6E0C1569F0}.Ad-Hoc|iPhone.ActiveCfg = Release|Any CPU
		{DB42BCAF-58BC-4E58-9408-0F6E0C1569F0}.Ad-Hoc|iPhone.Build.0 = Release|Any CPU
		{DB42BCAF-58BC-4E58-9408-0F6E0C1569F0}.Ad-Hoc|iPhoneSimulator.ActiveCfg = Release|Any CPU
		{DB42BCAF-58BC-4E58-9408-0F6E0C1569F0}.Ad-Hoc|iPhoneSimulator.Build.0 = Release|Any CPU
		{DB42BCAF-58BC-4E58-9408-0F6E0C1569F0}.Ad-Hoc|x64.ActiveCfg = Release|Any CPU
		{DB42BCAF-58BC-4E58-9408-0F6E0C1569F0}.Ad-Hoc|x64.Build.0 = Release|Any CPU
		{DB42BCAF-58BC-4E58-9408-0F6E0C1569F0}.Ad-Hoc|x86.ActiveCfg = Release|Any CPU
		{DB42BCAF-58BC-4E58-9408-0F6E0C1569F0}.Ad-Hoc|x86.Build.0 = Release|Any CPU
		{DB42BCAF-58BC-4E58-9408-0F6E0C1569F0}.AppStore|Any CPU.ActiveCfg = Release|Any CPU
		{DB42BCAF-58BC-4E58-9408-0F6E0C1569F0}.AppStore|Any CPU.Build.0 = Release|Any CPU
		{DB42BCAF-58BC-4E58-9408-0F6E0C1569F0}.AppStore|ARM.ActiveCfg = Release|Any CPU
		{DB42BCAF-58BC-4E58-9408-0F6E0C1569F0}.AppStore|ARM.Build.0 = Release|Any CPU
		{DB42BCAF-58BC-4E58-9408-0F6E0C1569F0}.AppStore|iPhone.ActiveCfg = Release|Any CPU
		{DB42BCAF-58BC-4E58-9408-0F6E0C1569F0}.AppStore|iPhone.Build.0 = Release|Any CPU
		{DB42BCAF-58BC-4E58-9408-0F6E0C1569F0}.AppStore|iPhoneSimulator.ActiveCfg = Release|Any CPU
		{DB42BCAF-58BC-4E58-9408-0F6E0C1569F0}.AppStore|iPhoneSimulator.Build.0 = Release|Any CPU
		{DB42BCAF-58BC-4E58-9408-0F6E0C1569F0}.AppStore|x64.ActiveCfg = Release|Any CPU
		{DB42BCAF-58BC-4E58-9408-0F6E0C1569F0}.AppStore|x64.Build.0 = Release|Any CPU
		{DB42BCAF-58BC-4E58-9408-0F6E0C1569F0}.AppStore|x86.ActiveCfg = Release|Any CPU
		{DB42BCAF-58BC-4E58-9408-0F6E0C1569F0}.AppStore|x86.Build.0 = Release|Any CPU
		{DB42BCAF-58BC-4E58-9408-0F6E0C1569F0}.Debug|Any CPU.ActiveCfg = Debug|Any CPU
		{DB42BCAF-58BC-4E58-9408-0F6E0C1569F0}.Debug|Any CPU.Build.0 = Debug|Any CPU
		{DB42BCAF-58BC-4E58-9408-0F6E0C1569F0}.Debug|ARM.ActiveCfg = Debug|Any CPU
		{DB42BCAF-58BC-4E58-9408-0F6E0C1569F0}.Debug|ARM.Build.0 = Debug|Any CPU
		{DB42BCAF-58BC-4E58-9408-0F6E0C1569F0}.Debug|iPhone.ActiveCfg = Debug|Any CPU
		{DB42BCAF-58BC-4E58-9408-0F6E0C1569F0}.Debug|iPhone.Build.0 = Debug|Any CPU
		{DB42BCAF-58BC-4E58-9408-0F6E0C1569F0}.Debug|iPhoneSimulator.ActiveCfg = Debug|Any CPU
		{DB42BCAF-58BC-4E58-9408-0F6E0C1569F0}.Debug|iPhoneSimulator.Build.0 = Debug|Any CPU
		{DB42BCAF-58BC-4E58-9408-0F6E0C1569F0}.Debug|x64.ActiveCfg = Debug|Any CPU
		{DB42BCAF-58BC-4E58-9408-0F6E0C1569F0}.Debug|x64.Build.0 = Debug|Any CPU
		{DB42BCAF-58BC-4E58-9408-0F6E0C1569F0}.Debug|x86.ActiveCfg = Debug|Any CPU
		{DB42BCAF-58BC-4E58-9408-0F6E0C1569F0}.Debug|x86.Build.0 = Debug|Any CPU
		{DB42BCAF-58BC-4E58-9408-0F6E0C1569F0}.Release|Any CPU.ActiveCfg = Release|Any CPU
		{DB42BCAF-58BC-4E58-9408-0F6E0C1569F0}.Release|Any CPU.Build.0 = Release|Any CPU
		{DB42BCAF-58BC-4E58-9408-0F6E0C1569F0}.Release|ARM.ActiveCfg = Release|Any CPU
		{DB42BCAF-58BC-4E58-9408-0F6E0C1569F0}.Release|ARM.Build.0 = Release|Any CPU
		{DB42BCAF-58BC-4E58-9408-0F6E0C1569F0}.Release|iPhone.ActiveCfg = Release|Any CPU
		{DB42BCAF-58BC-4E58-9408-0F6E0C1569F0}.Release|iPhone.Build.0 = Release|Any CPU
		{DB42BCAF-58BC-4E58-9408-0F6E0C1569F0}.Release|iPhoneSimulator.ActiveCfg = Release|Any CPU
		{DB42BCAF-58BC-4E58-9408-0F6E0C1569F0}.Release|iPhoneSimulator.Build.0 = Release|Any CPU
		{DB42BCAF-58BC-4E58-9408-0F6E0C1569F0}.Release|x64.ActiveCfg = Release|Any CPU
		{DB42BCAF-58BC-4E58-9408-0F6E0C1569F0}.Release|x64.Build.0 = Release|Any CPU
		{DB42BCAF-58BC-4E58-9408-0F6E0C1569F0}.Release|x86.ActiveCfg = Release|Any CPU
		{DB42BCAF-58BC-4E58-9408-0F6E0C1569F0}.Release|x86.Build.0 = Release|Any CPU
		{DA044849-BB18-4108-816B-ECAC7834830B}.Ad-Hoc|Any CPU.ActiveCfg = Release|Any CPU
		{DA044849-BB18-4108-816B-ECAC7834830B}.Ad-Hoc|Any CPU.Build.0 = Release|Any CPU
		{DA044849-BB18-4108-816B-ECAC7834830B}.Ad-Hoc|ARM.ActiveCfg = Release|Any CPU
		{DA044849-BB18-4108-816B-ECAC7834830B}.Ad-Hoc|ARM.Build.0 = Release|Any CPU
		{DA044849-BB18-4108-816B-ECAC7834830B}.Ad-Hoc|iPhone.ActiveCfg = Release|Any CPU
		{DA044849-BB18-4108-816B-ECAC7834830B}.Ad-Hoc|iPhone.Build.0 = Release|Any CPU
		{DA044849-BB18-4108-816B-ECAC7834830B}.Ad-Hoc|iPhoneSimulator.ActiveCfg = Release|Any CPU
		{DA044849-BB18-4108-816B-ECAC7834830B}.Ad-Hoc|iPhoneSimulator.Build.0 = Release|Any CPU
		{DA044849-BB18-4108-816B-ECAC7834830B}.Ad-Hoc|x64.ActiveCfg = Release|Any CPU
		{DA044849-BB18-4108-816B-ECAC7834830B}.Ad-Hoc|x64.Build.0 = Release|Any CPU
		{DA044849-BB18-4108-816B-ECAC7834830B}.Ad-Hoc|x86.ActiveCfg = Release|Any CPU
		{DA044849-BB18-4108-816B-ECAC7834830B}.Ad-Hoc|x86.Build.0 = Release|Any CPU
		{DA044849-BB18-4108-816B-ECAC7834830B}.AppStore|Any CPU.ActiveCfg = Release|Any CPU
		{DA044849-BB18-4108-816B-ECAC7834830B}.AppStore|Any CPU.Build.0 = Release|Any CPU
		{DA044849-BB18-4108-816B-ECAC7834830B}.AppStore|ARM.ActiveCfg = Release|Any CPU
		{DA044849-BB18-4108-816B-ECAC7834830B}.AppStore|ARM.Build.0 = Release|Any CPU
		{DA044849-BB18-4108-816B-ECAC7834830B}.AppStore|iPhone.ActiveCfg = Release|Any CPU
		{DA044849-BB18-4108-816B-ECAC7834830B}.AppStore|iPhone.Build.0 = Release|Any CPU
		{DA044849-BB18-4108-816B-ECAC7834830B}.AppStore|iPhoneSimulator.ActiveCfg = Release|Any CPU
		{DA044849-BB18-4108-816B-ECAC7834830B}.AppStore|iPhoneSimulator.Build.0 = Release|Any CPU
		{DA044849-BB18-4108-816B-ECAC7834830B}.AppStore|x64.ActiveCfg = Release|Any CPU
		{DA044849-BB18-4108-816B-ECAC7834830B}.AppStore|x64.Build.0 = Release|Any CPU
		{DA044849-BB18-4108-816B-ECAC7834830B}.AppStore|x86.ActiveCfg = Release|Any CPU
		{DA044849-BB18-4108-816B-ECAC7834830B}.AppStore|x86.Build.0 = Release|Any CPU
		{DA044849-BB18-4108-816B-ECAC7834830B}.Debug|Any CPU.ActiveCfg = Debug|Any CPU
		{DA044849-BB18-4108-816B-ECAC7834830B}.Debug|Any CPU.Build.0 = Debug|Any CPU
		{DA044849-BB18-4108-816B-ECAC7834830B}.Debug|ARM.ActiveCfg = Debug|Any CPU
		{DA044849-BB18-4108-816B-ECAC7834830B}.Debug|ARM.Build.0 = Debug|Any CPU
		{DA044849-BB18-4108-816B-ECAC7834830B}.Debug|iPhone.ActiveCfg = Debug|Any CPU
		{DA044849-BB18-4108-816B-ECAC7834830B}.Debug|iPhone.Build.0 = Debug|Any CPU
		{DA044849-BB18-4108-816B-ECAC7834830B}.Debug|iPhoneSimulator.ActiveCfg = Debug|Any CPU
		{DA044849-BB18-4108-816B-ECAC7834830B}.Debug|iPhoneSimulator.Build.0 = Debug|Any CPU
		{DA044849-BB18-4108-816B-ECAC7834830B}.Debug|x64.ActiveCfg = Debug|Any CPU
		{DA044849-BB18-4108-816B-ECAC7834830B}.Debug|x64.Build.0 = Debug|Any CPU
		{DA044849-BB18-4108-816B-ECAC7834830B}.Debug|x86.ActiveCfg = Debug|Any CPU
		{DA044849-BB18-4108-816B-ECAC7834830B}.Debug|x86.Build.0 = Debug|Any CPU
		{DA044849-BB18-4108-816B-ECAC7834830B}.Release|Any CPU.ActiveCfg = Release|Any CPU
		{DA044849-BB18-4108-816B-ECAC7834830B}.Release|Any CPU.Build.0 = Release|Any CPU
		{DA044849-BB18-4108-816B-ECAC7834830B}.Release|ARM.ActiveCfg = Release|Any CPU
		{DA044849-BB18-4108-816B-ECAC7834830B}.Release|ARM.Build.0 = Release|Any CPU
		{DA044849-BB18-4108-816B-ECAC7834830B}.Release|iPhone.ActiveCfg = Release|Any CPU
		{DA044849-BB18-4108-816B-ECAC7834830B}.Release|iPhone.Build.0 = Release|Any CPU
		{DA044849-BB18-4108-816B-ECAC7834830B}.Release|iPhoneSimulator.ActiveCfg = Release|Any CPU
		{DA044849-BB18-4108-816B-ECAC7834830B}.Release|iPhoneSimulator.Build.0 = Release|Any CPU
		{DA044849-BB18-4108-816B-ECAC7834830B}.Release|x64.ActiveCfg = Release|Any CPU
		{DA044849-BB18-4108-816B-ECAC7834830B}.Release|x64.Build.0 = Release|Any CPU
		{DA044849-BB18-4108-816B-ECAC7834830B}.Release|x86.ActiveCfg = Release|Any CPU
		{DA044849-BB18-4108-816B-ECAC7834830B}.Release|x86.Build.0 = Release|Any CPU
		{4804A6D7-EA57-4571-88FE-1C09A6CE8918}.Ad-Hoc|Any CPU.ActiveCfg = Release|Any CPU
		{4804A6D7-EA57-4571-88FE-1C09A6CE8918}.Ad-Hoc|Any CPU.Build.0 = Release|Any CPU
		{4804A6D7-EA57-4571-88FE-1C09A6CE8918}.Ad-Hoc|Any CPU.Deploy.0 = Release|Any CPU
		{4804A6D7-EA57-4571-88FE-1C09A6CE8918}.Ad-Hoc|ARM.ActiveCfg = Release|Any CPU
		{4804A6D7-EA57-4571-88FE-1C09A6CE8918}.Ad-Hoc|ARM.Build.0 = Release|Any CPU
		{4804A6D7-EA57-4571-88FE-1C09A6CE8918}.Ad-Hoc|ARM.Deploy.0 = Release|Any CPU
		{4804A6D7-EA57-4571-88FE-1C09A6CE8918}.Ad-Hoc|iPhone.ActiveCfg = Release|Any CPU
		{4804A6D7-EA57-4571-88FE-1C09A6CE8918}.Ad-Hoc|iPhone.Build.0 = Release|Any CPU
		{4804A6D7-EA57-4571-88FE-1C09A6CE8918}.Ad-Hoc|iPhone.Deploy.0 = Release|Any CPU
		{4804A6D7-EA57-4571-88FE-1C09A6CE8918}.Ad-Hoc|iPhoneSimulator.ActiveCfg = Release|Any CPU
		{4804A6D7-EA57-4571-88FE-1C09A6CE8918}.Ad-Hoc|iPhoneSimulator.Build.0 = Release|Any CPU
		{4804A6D7-EA57-4571-88FE-1C09A6CE8918}.Ad-Hoc|iPhoneSimulator.Deploy.0 = Release|Any CPU
		{4804A6D7-EA57-4571-88FE-1C09A6CE8918}.Ad-Hoc|x64.ActiveCfg = Release|Any CPU
		{4804A6D7-EA57-4571-88FE-1C09A6CE8918}.Ad-Hoc|x64.Build.0 = Release|Any CPU
		{4804A6D7-EA57-4571-88FE-1C09A6CE8918}.Ad-Hoc|x64.Deploy.0 = Release|Any CPU
		{4804A6D7-EA57-4571-88FE-1C09A6CE8918}.Ad-Hoc|x86.ActiveCfg = Release|Any CPU
		{4804A6D7-EA57-4571-88FE-1C09A6CE8918}.Ad-Hoc|x86.Build.0 = Release|Any CPU
		{4804A6D7-EA57-4571-88FE-1C09A6CE8918}.Ad-Hoc|x86.Deploy.0 = Release|Any CPU
		{4804A6D7-EA57-4571-88FE-1C09A6CE8918}.AppStore|Any CPU.ActiveCfg = Release|Any CPU
		{4804A6D7-EA57-4571-88FE-1C09A6CE8918}.AppStore|Any CPU.Build.0 = Release|Any CPU
		{4804A6D7-EA57-4571-88FE-1C09A6CE8918}.AppStore|Any CPU.Deploy.0 = Release|Any CPU
		{4804A6D7-EA57-4571-88FE-1C09A6CE8918}.AppStore|ARM.ActiveCfg = Release|Any CPU
		{4804A6D7-EA57-4571-88FE-1C09A6CE8918}.AppStore|ARM.Build.0 = Release|Any CPU
		{4804A6D7-EA57-4571-88FE-1C09A6CE8918}.AppStore|ARM.Deploy.0 = Release|Any CPU
		{4804A6D7-EA57-4571-88FE-1C09A6CE8918}.AppStore|iPhone.ActiveCfg = Release|Any CPU
		{4804A6D7-EA57-4571-88FE-1C09A6CE8918}.AppStore|iPhone.Build.0 = Release|Any CPU
		{4804A6D7-EA57-4571-88FE-1C09A6CE8918}.AppStore|iPhone.Deploy.0 = Release|Any CPU
		{4804A6D7-EA57-4571-88FE-1C09A6CE8918}.AppStore|iPhoneSimulator.ActiveCfg = Release|Any CPU
		{4804A6D7-EA57-4571-88FE-1C09A6CE8918}.AppStore|iPhoneSimulator.Build.0 = Release|Any CPU
		{4804A6D7-EA57-4571-88FE-1C09A6CE8918}.AppStore|iPhoneSimulator.Deploy.0 = Release|Any CPU
		{4804A6D7-EA57-4571-88FE-1C09A6CE8918}.AppStore|x64.ActiveCfg = Release|Any CPU
		{4804A6D7-EA57-4571-88FE-1C09A6CE8918}.AppStore|x64.Build.0 = Release|Any CPU
		{4804A6D7-EA57-4571-88FE-1C09A6CE8918}.AppStore|x64.Deploy.0 = Release|Any CPU
		{4804A6D7-EA57-4571-88FE-1C09A6CE8918}.AppStore|x86.ActiveCfg = Release|Any CPU
		{4804A6D7-EA57-4571-88FE-1C09A6CE8918}.AppStore|x86.Build.0 = Release|Any CPU
		{4804A6D7-EA57-4571-88FE-1C09A6CE8918}.AppStore|x86.Deploy.0 = Release|Any CPU
		{4804A6D7-EA57-4571-88FE-1C09A6CE8918}.Debug|Any CPU.ActiveCfg = Debug|Any CPU
		{4804A6D7-EA57-4571-88FE-1C09A6CE8918}.Debug|Any CPU.Build.0 = Debug|Any CPU
		{4804A6D7-EA57-4571-88FE-1C09A6CE8918}.Debug|Any CPU.Deploy.0 = Debug|Any CPU
		{4804A6D7-EA57-4571-88FE-1C09A6CE8918}.Debug|ARM.ActiveCfg = Debug|Any CPU
		{4804A6D7-EA57-4571-88FE-1C09A6CE8918}.Debug|ARM.Build.0 = Debug|Any CPU
		{4804A6D7-EA57-4571-88FE-1C09A6CE8918}.Debug|ARM.Deploy.0 = Debug|Any CPU
		{4804A6D7-EA57-4571-88FE-1C09A6CE8918}.Debug|iPhone.ActiveCfg = Debug|Any CPU
		{4804A6D7-EA57-4571-88FE-1C09A6CE8918}.Debug|iPhone.Build.0 = Debug|Any CPU
		{4804A6D7-EA57-4571-88FE-1C09A6CE8918}.Debug|iPhone.Deploy.0 = Debug|Any CPU
		{4804A6D7-EA57-4571-88FE-1C09A6CE8918}.Debug|iPhoneSimulator.ActiveCfg = Debug|Any CPU
		{4804A6D7-EA57-4571-88FE-1C09A6CE8918}.Debug|iPhoneSimulator.Build.0 = Debug|Any CPU
		{4804A6D7-EA57-4571-88FE-1C09A6CE8918}.Debug|iPhoneSimulator.Deploy.0 = Debug|Any CPU
		{4804A6D7-EA57-4571-88FE-1C09A6CE8918}.Debug|x64.ActiveCfg = Debug|Any CPU
		{4804A6D7-EA57-4571-88FE-1C09A6CE8918}.Debug|x64.Build.0 = Debug|Any CPU
		{4804A6D7-EA57-4571-88FE-1C09A6CE8918}.Debug|x64.Deploy.0 = Debug|Any CPU
		{4804A6D7-EA57-4571-88FE-1C09A6CE8918}.Debug|x86.ActiveCfg = Debug|Any CPU
		{4804A6D7-EA57-4571-88FE-1C09A6CE8918}.Debug|x86.Build.0 = Debug|Any CPU
		{4804A6D7-EA57-4571-88FE-1C09A6CE8918}.Debug|x86.Deploy.0 = Debug|Any CPU
		{4804A6D7-EA57-4571-88FE-1C09A6CE8918}.Release|Any CPU.ActiveCfg = Release|Any CPU
		{4804A6D7-EA57-4571-88FE-1C09A6CE8918}.Release|Any CPU.Build.0 = Release|Any CPU
		{4804A6D7-EA57-4571-88FE-1C09A6CE8918}.Release|Any CPU.Deploy.0 = Release|Any CPU
		{4804A6D7-EA57-4571-88FE-1C09A6CE8918}.Release|ARM.ActiveCfg = Release|Any CPU
		{4804A6D7-EA57-4571-88FE-1C09A6CE8918}.Release|ARM.Build.0 = Release|Any CPU
		{4804A6D7-EA57-4571-88FE-1C09A6CE8918}.Release|ARM.Deploy.0 = Release|Any CPU
		{4804A6D7-EA57-4571-88FE-1C09A6CE8918}.Release|iPhone.ActiveCfg = Release|Any CPU
		{4804A6D7-EA57-4571-88FE-1C09A6CE8918}.Release|iPhone.Build.0 = Release|Any CPU
		{4804A6D7-EA57-4571-88FE-1C09A6CE8918}.Release|iPhone.Deploy.0 = Release|Any CPU
		{4804A6D7-EA57-4571-88FE-1C09A6CE8918}.Release|iPhoneSimulator.ActiveCfg = Release|Any CPU
		{4804A6D7-EA57-4571-88FE-1C09A6CE8918}.Release|iPhoneSimulator.Build.0 = Release|Any CPU
		{4804A6D7-EA57-4571-88FE-1C09A6CE8918}.Release|iPhoneSimulator.Deploy.0 = Release|Any CPU
		{4804A6D7-EA57-4571-88FE-1C09A6CE8918}.Release|x64.ActiveCfg = Release|Any CPU
		{4804A6D7-EA57-4571-88FE-1C09A6CE8918}.Release|x64.Build.0 = Release|Any CPU
		{4804A6D7-EA57-4571-88FE-1C09A6CE8918}.Release|x64.Deploy.0 = Release|Any CPU
		{4804A6D7-EA57-4571-88FE-1C09A6CE8918}.Release|x86.ActiveCfg = Release|Any CPU
		{4804A6D7-EA57-4571-88FE-1C09A6CE8918}.Release|x86.Build.0 = Release|Any CPU
		{4804A6D7-EA57-4571-88FE-1C09A6CE8918}.Release|x86.Deploy.0 = Release|Any CPU
		{CB52545E-9512-4DD4-A524-A42368BE8306}.Ad-Hoc|Any CPU.ActiveCfg = Debug|Any CPU
		{CB52545E-9512-4DD4-A524-A42368BE8306}.Ad-Hoc|Any CPU.Build.0 = Debug|Any CPU
		{CB52545E-9512-4DD4-A524-A42368BE8306}.Ad-Hoc|ARM.ActiveCfg = Debug|Any CPU
		{CB52545E-9512-4DD4-A524-A42368BE8306}.Ad-Hoc|ARM.Build.0 = Debug|Any CPU
		{CB52545E-9512-4DD4-A524-A42368BE8306}.Ad-Hoc|iPhone.ActiveCfg = Debug|Any CPU
		{CB52545E-9512-4DD4-A524-A42368BE8306}.Ad-Hoc|iPhone.Build.0 = Debug|Any CPU
		{CB52545E-9512-4DD4-A524-A42368BE8306}.Ad-Hoc|iPhoneSimulator.ActiveCfg = Debug|Any CPU
		{CB52545E-9512-4DD4-A524-A42368BE8306}.Ad-Hoc|iPhoneSimulator.Build.0 = Debug|Any CPU
		{CB52545E-9512-4DD4-A524-A42368BE8306}.Ad-Hoc|x64.ActiveCfg = Debug|Any CPU
		{CB52545E-9512-4DD4-A524-A42368BE8306}.Ad-Hoc|x64.Build.0 = Debug|Any CPU
		{CB52545E-9512-4DD4-A524-A42368BE8306}.Ad-Hoc|x86.ActiveCfg = Debug|Any CPU
		{CB52545E-9512-4DD4-A524-A42368BE8306}.Ad-Hoc|x86.Build.0 = Debug|Any CPU
		{CB52545E-9512-4DD4-A524-A42368BE8306}.AppStore|Any CPU.ActiveCfg = Debug|Any CPU
		{CB52545E-9512-4DD4-A524-A42368BE8306}.AppStore|Any CPU.Build.0 = Debug|Any CPU
		{CB52545E-9512-4DD4-A524-A42368BE8306}.AppStore|ARM.ActiveCfg = Debug|Any CPU
		{CB52545E-9512-4DD4-A524-A42368BE8306}.AppStore|ARM.Build.0 = Debug|Any CPU
		{CB52545E-9512-4DD4-A524-A42368BE8306}.AppStore|iPhone.ActiveCfg = Debug|Any CPU
		{CB52545E-9512-4DD4-A524-A42368BE8306}.AppStore|iPhone.Build.0 = Debug|Any CPU
		{CB52545E-9512-4DD4-A524-A42368BE8306}.AppStore|iPhoneSimulator.ActiveCfg = Debug|Any CPU
		{CB52545E-9512-4DD4-A524-A42368BE8306}.AppStore|iPhoneSimulator.Build.0 = Debug|Any CPU
		{CB52545E-9512-4DD4-A524-A42368BE8306}.AppStore|x64.ActiveCfg = Debug|Any CPU
		{CB52545E-9512-4DD4-A524-A42368BE8306}.AppStore|x64.Build.0 = Debug|Any CPU
		{CB52545E-9512-4DD4-A524-A42368BE8306}.AppStore|x86.ActiveCfg = Debug|Any CPU
		{CB52545E-9512-4DD4-A524-A42368BE8306}.AppStore|x86.Build.0 = Debug|Any CPU
		{CB52545E-9512-4DD4-A524-A42368BE8306}.Debug|Any CPU.ActiveCfg = Debug|Any CPU
		{CB52545E-9512-4DD4-A524-A42368BE8306}.Debug|Any CPU.Build.0 = Debug|Any CPU
		{CB52545E-9512-4DD4-A524-A42368BE8306}.Debug|ARM.ActiveCfg = Debug|Any CPU
		{CB52545E-9512-4DD4-A524-A42368BE8306}.Debug|ARM.Build.0 = Debug|Any CPU
		{CB52545E-9512-4DD4-A524-A42368BE8306}.Debug|iPhone.ActiveCfg = Debug|Any CPU
		{CB52545E-9512-4DD4-A524-A42368BE8306}.Debug|iPhone.Build.0 = Debug|Any CPU
		{CB52545E-9512-4DD4-A524-A42368BE8306}.Debug|iPhoneSimulator.ActiveCfg = Debug|Any CPU
		{CB52545E-9512-4DD4-A524-A42368BE8306}.Debug|iPhoneSimulator.Build.0 = Debug|Any CPU
		{CB52545E-9512-4DD4-A524-A42368BE8306}.Debug|x64.ActiveCfg = Debug|Any CPU
		{CB52545E-9512-4DD4-A524-A42368BE8306}.Debug|x64.Build.0 = Debug|Any CPU
		{CB52545E-9512-4DD4-A524-A42368BE8306}.Debug|x86.ActiveCfg = Debug|Any CPU
		{CB52545E-9512-4DD4-A524-A42368BE8306}.Debug|x86.Build.0 = Debug|Any CPU
		{CB52545E-9512-4DD4-A524-A42368BE8306}.Release|Any CPU.ActiveCfg = Release|Any CPU
		{CB52545E-9512-4DD4-A524-A42368BE8306}.Release|Any CPU.Build.0 = Release|Any CPU
		{CB52545E-9512-4DD4-A524-A42368BE8306}.Release|ARM.ActiveCfg = Release|Any CPU
		{CB52545E-9512-4DD4-A524-A42368BE8306}.Release|ARM.Build.0 = Release|Any CPU
		{CB52545E-9512-4DD4-A524-A42368BE8306}.Release|iPhone.ActiveCfg = Release|Any CPU
		{CB52545E-9512-4DD4-A524-A42368BE8306}.Release|iPhone.Build.0 = Release|Any CPU
		{CB52545E-9512-4DD4-A524-A42368BE8306}.Release|iPhoneSimulator.ActiveCfg = Release|Any CPU
		{CB52545E-9512-4DD4-A524-A42368BE8306}.Release|iPhoneSimulator.Build.0 = Release|Any CPU
		{CB52545E-9512-4DD4-A524-A42368BE8306}.Release|x64.ActiveCfg = Release|Any CPU
		{CB52545E-9512-4DD4-A524-A42368BE8306}.Release|x64.Build.0 = Release|Any CPU
		{CB52545E-9512-4DD4-A524-A42368BE8306}.Release|x86.ActiveCfg = Release|Any CPU
		{CB52545E-9512-4DD4-A524-A42368BE8306}.Release|x86.Build.0 = Release|Any CPU
		{747A4E53-B782-457A-8233-D297D4A802D9}.Ad-Hoc|Any CPU.ActiveCfg = Release|Any CPU
		{747A4E53-B782-457A-8233-D297D4A802D9}.Ad-Hoc|Any CPU.Build.0 = Release|Any CPU
		{747A4E53-B782-457A-8233-D297D4A802D9}.Ad-Hoc|ARM.ActiveCfg = Release|Any CPU
		{747A4E53-B782-457A-8233-D297D4A802D9}.Ad-Hoc|ARM.Build.0 = Release|Any CPU
		{747A4E53-B782-457A-8233-D297D4A802D9}.Ad-Hoc|iPhone.ActiveCfg = Release|Any CPU
		{747A4E53-B782-457A-8233-D297D4A802D9}.Ad-Hoc|iPhone.Build.0 = Release|Any CPU
		{747A4E53-B782-457A-8233-D297D4A802D9}.Ad-Hoc|iPhoneSimulator.ActiveCfg = Release|Any CPU
		{747A4E53-B782-457A-8233-D297D4A802D9}.Ad-Hoc|iPhoneSimulator.Build.0 = Release|Any CPU
		{747A4E53-B782-457A-8233-D297D4A802D9}.Ad-Hoc|x64.ActiveCfg = Release|Any CPU
		{747A4E53-B782-457A-8233-D297D4A802D9}.Ad-Hoc|x64.Build.0 = Release|Any CPU
		{747A4E53-B782-457A-8233-D297D4A802D9}.Ad-Hoc|x86.ActiveCfg = Release|Any CPU
		{747A4E53-B782-457A-8233-D297D4A802D9}.Ad-Hoc|x86.Build.0 = Release|Any CPU
		{747A4E53-B782-457A-8233-D297D4A802D9}.AppStore|Any CPU.ActiveCfg = Release|Any CPU
		{747A4E53-B782-457A-8233-D297D4A802D9}.AppStore|Any CPU.Build.0 = Release|Any CPU
		{747A4E53-B782-457A-8233-D297D4A802D9}.AppStore|ARM.ActiveCfg = Release|Any CPU
		{747A4E53-B782-457A-8233-D297D4A802D9}.AppStore|ARM.Build.0 = Release|Any CPU
		{747A4E53-B782-457A-8233-D297D4A802D9}.AppStore|iPhone.ActiveCfg = Release|Any CPU
		{747A4E53-B782-457A-8233-D297D4A802D9}.AppStore|iPhone.Build.0 = Release|Any CPU
		{747A4E53-B782-457A-8233-D297D4A802D9}.AppStore|iPhoneSimulator.ActiveCfg = Release|Any CPU
		{747A4E53-B782-457A-8233-D297D4A802D9}.AppStore|iPhoneSimulator.Build.0 = Release|Any CPU
		{747A4E53-B782-457A-8233-D297D4A802D9}.AppStore|x64.ActiveCfg = Release|Any CPU
		{747A4E53-B782-457A-8233-D297D4A802D9}.AppStore|x64.Build.0 = Release|Any CPU
		{747A4E53-B782-457A-8233-D297D4A802D9}.AppStore|x86.ActiveCfg = Release|Any CPU
		{747A4E53-B782-457A-8233-D297D4A802D9}.AppStore|x86.Build.0 = Release|Any CPU
		{747A4E53-B782-457A-8233-D297D4A802D9}.Debug|Any CPU.ActiveCfg = Debug|Any CPU
		{747A4E53-B782-457A-8233-D297D4A802D9}.Debug|Any CPU.Build.0 = Debug|Any CPU
		{747A4E53-B782-457A-8233-D297D4A802D9}.Debug|ARM.ActiveCfg = Debug|Any CPU
		{747A4E53-B782-457A-8233-D297D4A802D9}.Debug|ARM.Build.0 = Debug|Any CPU
		{747A4E53-B782-457A-8233-D297D4A802D9}.Debug|iPhone.ActiveCfg = Debug|Any CPU
		{747A4E53-B782-457A-8233-D297D4A802D9}.Debug|iPhone.Build.0 = Debug|Any CPU
		{747A4E53-B782-457A-8233-D297D4A802D9}.Debug|iPhoneSimulator.ActiveCfg = Debug|Any CPU
		{747A4E53-B782-457A-8233-D297D4A802D9}.Debug|iPhoneSimulator.Build.0 = Debug|Any CPU
		{747A4E53-B782-457A-8233-D297D4A802D9}.Debug|x64.ActiveCfg = Debug|Any CPU
		{747A4E53-B782-457A-8233-D297D4A802D9}.Debug|x64.Build.0 = Debug|Any CPU
		{747A4E53-B782-457A-8233-D297D4A802D9}.Debug|x86.ActiveCfg = Debug|Any CPU
		{747A4E53-B782-457A-8233-D297D4A802D9}.Debug|x86.Build.0 = Debug|Any CPU
		{747A4E53-B782-457A-8233-D297D4A802D9}.Release|Any CPU.ActiveCfg = Release|Any CPU
		{747A4E53-B782-457A-8233-D297D4A802D9}.Release|Any CPU.Build.0 = Release|Any CPU
		{747A4E53-B782-457A-8233-D297D4A802D9}.Release|ARM.ActiveCfg = Release|Any CPU
		{747A4E53-B782-457A-8233-D297D4A802D9}.Release|ARM.Build.0 = Release|Any CPU
		{747A4E53-B782-457A-8233-D297D4A802D9}.Release|iPhone.ActiveCfg = Release|Any CPU
		{747A4E53-B782-457A-8233-D297D4A802D9}.Release|iPhone.Build.0 = Release|Any CPU
		{747A4E53-B782-457A-8233-D297D4A802D9}.Release|iPhoneSimulator.ActiveCfg = Release|Any CPU
		{747A4E53-B782-457A-8233-D297D4A802D9}.Release|iPhoneSimulator.Build.0 = Release|Any CPU
		{747A4E53-B782-457A-8233-D297D4A802D9}.Release|x64.ActiveCfg = Release|Any CPU
		{747A4E53-B782-457A-8233-D297D4A802D9}.Release|x64.Build.0 = Release|Any CPU
		{747A4E53-B782-457A-8233-D297D4A802D9}.Release|x86.ActiveCfg = Release|Any CPU
		{747A4E53-B782-457A-8233-D297D4A802D9}.Release|x86.Build.0 = Release|Any CPU
		{B6ECA52E-A86B-4F08-9768-00EFFD5396EA}.Ad-Hoc|Any CPU.ActiveCfg = Release|Any CPU
		{B6ECA52E-A86B-4F08-9768-00EFFD5396EA}.Ad-Hoc|Any CPU.Build.0 = Release|Any CPU
		{B6ECA52E-A86B-4F08-9768-00EFFD5396EA}.Ad-Hoc|ARM.ActiveCfg = Release|Any CPU
		{B6ECA52E-A86B-4F08-9768-00EFFD5396EA}.Ad-Hoc|ARM.Build.0 = Release|Any CPU
		{B6ECA52E-A86B-4F08-9768-00EFFD5396EA}.Ad-Hoc|iPhone.ActiveCfg = Release|Any CPU
		{B6ECA52E-A86B-4F08-9768-00EFFD5396EA}.Ad-Hoc|iPhone.Build.0 = Release|Any CPU
		{B6ECA52E-A86B-4F08-9768-00EFFD5396EA}.Ad-Hoc|iPhoneSimulator.ActiveCfg = Release|Any CPU
		{B6ECA52E-A86B-4F08-9768-00EFFD5396EA}.Ad-Hoc|iPhoneSimulator.Build.0 = Release|Any CPU
		{B6ECA52E-A86B-4F08-9768-00EFFD5396EA}.Ad-Hoc|x64.ActiveCfg = Release|Any CPU
		{B6ECA52E-A86B-4F08-9768-00EFFD5396EA}.Ad-Hoc|x64.Build.0 = Release|Any CPU
		{B6ECA52E-A86B-4F08-9768-00EFFD5396EA}.Ad-Hoc|x86.ActiveCfg = Release|Any CPU
		{B6ECA52E-A86B-4F08-9768-00EFFD5396EA}.Ad-Hoc|x86.Build.0 = Release|Any CPU
		{B6ECA52E-A86B-4F08-9768-00EFFD5396EA}.AppStore|Any CPU.ActiveCfg = Release|Any CPU
		{B6ECA52E-A86B-4F08-9768-00EFFD5396EA}.AppStore|Any CPU.Build.0 = Release|Any CPU
		{B6ECA52E-A86B-4F08-9768-00EFFD5396EA}.AppStore|ARM.ActiveCfg = Release|Any CPU
		{B6ECA52E-A86B-4F08-9768-00EFFD5396EA}.AppStore|ARM.Build.0 = Release|Any CPU
		{B6ECA52E-A86B-4F08-9768-00EFFD5396EA}.AppStore|iPhone.ActiveCfg = Release|Any CPU
		{B6ECA52E-A86B-4F08-9768-00EFFD5396EA}.AppStore|iPhone.Build.0 = Release|Any CPU
		{B6ECA52E-A86B-4F08-9768-00EFFD5396EA}.AppStore|iPhoneSimulator.ActiveCfg = Release|Any CPU
		{B6ECA52E-A86B-4F08-9768-00EFFD5396EA}.AppStore|iPhoneSimulator.Build.0 = Release|Any CPU
		{B6ECA52E-A86B-4F08-9768-00EFFD5396EA}.AppStore|x64.ActiveCfg = Release|Any CPU
		{B6ECA52E-A86B-4F08-9768-00EFFD5396EA}.AppStore|x64.Build.0 = Release|Any CPU
		{B6ECA52E-A86B-4F08-9768-00EFFD5396EA}.AppStore|x86.ActiveCfg = Release|Any CPU
		{B6ECA52E-A86B-4F08-9768-00EFFD5396EA}.AppStore|x86.Build.0 = Release|Any CPU
		{B6ECA52E-A86B-4F08-9768-00EFFD5396EA}.Debug|Any CPU.ActiveCfg = Debug|Any CPU
		{B6ECA52E-A86B-4F08-9768-00EFFD5396EA}.Debug|Any CPU.Build.0 = Debug|Any CPU
		{B6ECA52E-A86B-4F08-9768-00EFFD5396EA}.Debug|ARM.ActiveCfg = Debug|Any CPU
		{B6ECA52E-A86B-4F08-9768-00EFFD5396EA}.Debug|ARM.Build.0 = Debug|Any CPU
		{B6ECA52E-A86B-4F08-9768-00EFFD5396EA}.Debug|iPhone.ActiveCfg = Debug|Any CPU
		{B6ECA52E-A86B-4F08-9768-00EFFD5396EA}.Debug|iPhone.Build.0 = Debug|Any CPU
		{B6ECA52E-A86B-4F08-9768-00EFFD5396EA}.Debug|iPhoneSimulator.ActiveCfg = Debug|Any CPU
		{B6ECA52E-A86B-4F08-9768-00EFFD5396EA}.Debug|iPhoneSimulator.Build.0 = Debug|Any CPU
		{B6ECA52E-A86B-4F08-9768-00EFFD5396EA}.Debug|x64.ActiveCfg = Debug|Any CPU
		{B6ECA52E-A86B-4F08-9768-00EFFD5396EA}.Debug|x64.Build.0 = Debug|Any CPU
		{B6ECA52E-A86B-4F08-9768-00EFFD5396EA}.Debug|x86.ActiveCfg = Debug|Any CPU
		{B6ECA52E-A86B-4F08-9768-00EFFD5396EA}.Debug|x86.Build.0 = Debug|Any CPU
		{B6ECA52E-A86B-4F08-9768-00EFFD5396EA}.Release|Any CPU.ActiveCfg = Release|Any CPU
		{B6ECA52E-A86B-4F08-9768-00EFFD5396EA}.Release|Any CPU.Build.0 = Release|Any CPU
		{B6ECA52E-A86B-4F08-9768-00EFFD5396EA}.Release|ARM.ActiveCfg = Release|Any CPU
		{B6ECA52E-A86B-4F08-9768-00EFFD5396EA}.Release|ARM.Build.0 = Release|Any CPU
		{B6ECA52E-A86B-4F08-9768-00EFFD5396EA}.Release|iPhone.ActiveCfg = Release|Any CPU
		{B6ECA52E-A86B-4F08-9768-00EFFD5396EA}.Release|iPhone.Build.0 = Release|Any CPU
		{B6ECA52E-A86B-4F08-9768-00EFFD5396EA}.Release|iPhoneSimulator.ActiveCfg = Release|Any CPU
		{B6ECA52E-A86B-4F08-9768-00EFFD5396EA}.Release|iPhoneSimulator.Build.0 = Release|Any CPU
		{B6ECA52E-A86B-4F08-9768-00EFFD5396EA}.Release|x64.ActiveCfg = Release|Any CPU
		{B6ECA52E-A86B-4F08-9768-00EFFD5396EA}.Release|x64.Build.0 = Release|Any CPU
		{B6ECA52E-A86B-4F08-9768-00EFFD5396EA}.Release|x86.ActiveCfg = Release|Any CPU
		{B6ECA52E-A86B-4F08-9768-00EFFD5396EA}.Release|x86.Build.0 = Release|Any CPU
		{7DC0D5CD-DF53-47EC-B948-0305B2BA8BB9}.Ad-Hoc|Any CPU.ActiveCfg = Release|Any CPU
		{7DC0D5CD-DF53-47EC-B948-0305B2BA8BB9}.Ad-Hoc|Any CPU.Build.0 = Release|Any CPU
		{7DC0D5CD-DF53-47EC-B948-0305B2BA8BB9}.Ad-Hoc|ARM.ActiveCfg = Release|Any CPU
		{7DC0D5CD-DF53-47EC-B948-0305B2BA8BB9}.Ad-Hoc|ARM.Build.0 = Release|Any CPU
		{7DC0D5CD-DF53-47EC-B948-0305B2BA8BB9}.Ad-Hoc|iPhone.ActiveCfg = Release|Any CPU
		{7DC0D5CD-DF53-47EC-B948-0305B2BA8BB9}.Ad-Hoc|iPhone.Build.0 = Release|Any CPU
		{7DC0D5CD-DF53-47EC-B948-0305B2BA8BB9}.Ad-Hoc|iPhoneSimulator.ActiveCfg = Release|Any CPU
		{7DC0D5CD-DF53-47EC-B948-0305B2BA8BB9}.Ad-Hoc|iPhoneSimulator.Build.0 = Release|Any CPU
		{7DC0D5CD-DF53-47EC-B948-0305B2BA8BB9}.Ad-Hoc|x64.ActiveCfg = Release|Any CPU
		{7DC0D5CD-DF53-47EC-B948-0305B2BA8BB9}.Ad-Hoc|x64.Build.0 = Release|Any CPU
		{7DC0D5CD-DF53-47EC-B948-0305B2BA8BB9}.Ad-Hoc|x86.ActiveCfg = Release|Any CPU
		{7DC0D5CD-DF53-47EC-B948-0305B2BA8BB9}.Ad-Hoc|x86.Build.0 = Release|Any CPU
		{7DC0D5CD-DF53-47EC-B948-0305B2BA8BB9}.AppStore|Any CPU.ActiveCfg = Release|Any CPU
		{7DC0D5CD-DF53-47EC-B948-0305B2BA8BB9}.AppStore|Any CPU.Build.0 = Release|Any CPU
		{7DC0D5CD-DF53-47EC-B948-0305B2BA8BB9}.AppStore|ARM.ActiveCfg = Release|Any CPU
		{7DC0D5CD-DF53-47EC-B948-0305B2BA8BB9}.AppStore|ARM.Build.0 = Release|Any CPU
		{7DC0D5CD-DF53-47EC-B948-0305B2BA8BB9}.AppStore|iPhone.ActiveCfg = Release|Any CPU
		{7DC0D5CD-DF53-47EC-B948-0305B2BA8BB9}.AppStore|iPhone.Build.0 = Release|Any CPU
		{7DC0D5CD-DF53-47EC-B948-0305B2BA8BB9}.AppStore|iPhoneSimulator.ActiveCfg = Release|Any CPU
		{7DC0D5CD-DF53-47EC-B948-0305B2BA8BB9}.AppStore|iPhoneSimulator.Build.0 = Release|Any CPU
		{7DC0D5CD-DF53-47EC-B948-0305B2BA8BB9}.AppStore|x64.ActiveCfg = Release|Any CPU
		{7DC0D5CD-DF53-47EC-B948-0305B2BA8BB9}.AppStore|x64.Build.0 = Release|Any CPU
		{7DC0D5CD-DF53-47EC-B948-0305B2BA8BB9}.AppStore|x86.ActiveCfg = Release|Any CPU
		{7DC0D5CD-DF53-47EC-B948-0305B2BA8BB9}.AppStore|x86.Build.0 = Release|Any CPU
		{7DC0D5CD-DF53-47EC-B948-0305B2BA8BB9}.Debug|Any CPU.ActiveCfg = Debug|Any CPU
		{7DC0D5CD-DF53-47EC-B948-0305B2BA8BB9}.Debug|Any CPU.Build.0 = Debug|Any CPU
		{7DC0D5CD-DF53-47EC-B948-0305B2BA8BB9}.Debug|ARM.ActiveCfg = Debug|Any CPU
		{7DC0D5CD-DF53-47EC-B948-0305B2BA8BB9}.Debug|ARM.Build.0 = Debug|Any CPU
		{7DC0D5CD-DF53-47EC-B948-0305B2BA8BB9}.Debug|iPhone.ActiveCfg = Debug|Any CPU
		{7DC0D5CD-DF53-47EC-B948-0305B2BA8BB9}.Debug|iPhone.Build.0 = Debug|Any CPU
		{7DC0D5CD-DF53-47EC-B948-0305B2BA8BB9}.Debug|iPhoneSimulator.ActiveCfg = Debug|Any CPU
		{7DC0D5CD-DF53-47EC-B948-0305B2BA8BB9}.Debug|iPhoneSimulator.Build.0 = Debug|Any CPU
		{7DC0D5CD-DF53-47EC-B948-0305B2BA8BB9}.Debug|x64.ActiveCfg = Debug|Any CPU
		{7DC0D5CD-DF53-47EC-B948-0305B2BA8BB9}.Debug|x64.Build.0 = Debug|Any CPU
		{7DC0D5CD-DF53-47EC-B948-0305B2BA8BB9}.Debug|x86.ActiveCfg = Debug|Any CPU
		{7DC0D5CD-DF53-47EC-B948-0305B2BA8BB9}.Debug|x86.Build.0 = Debug|Any CPU
		{7DC0D5CD-DF53-47EC-B948-0305B2BA8BB9}.Release|Any CPU.ActiveCfg = Release|Any CPU
		{7DC0D5CD-DF53-47EC-B948-0305B2BA8BB9}.Release|Any CPU.Build.0 = Release|Any CPU
		{7DC0D5CD-DF53-47EC-B948-0305B2BA8BB9}.Release|ARM.ActiveCfg = Release|Any CPU
		{7DC0D5CD-DF53-47EC-B948-0305B2BA8BB9}.Release|ARM.Build.0 = Release|Any CPU
		{7DC0D5CD-DF53-47EC-B948-0305B2BA8BB9}.Release|iPhone.ActiveCfg = Release|Any CPU
		{7DC0D5CD-DF53-47EC-B948-0305B2BA8BB9}.Release|iPhone.Build.0 = Release|Any CPU
		{7DC0D5CD-DF53-47EC-B948-0305B2BA8BB9}.Release|iPhoneSimulator.ActiveCfg = Release|Any CPU
		{7DC0D5CD-DF53-47EC-B948-0305B2BA8BB9}.Release|iPhoneSimulator.Build.0 = Release|Any CPU
		{7DC0D5CD-DF53-47EC-B948-0305B2BA8BB9}.Release|x64.ActiveCfg = Release|Any CPU
		{7DC0D5CD-DF53-47EC-B948-0305B2BA8BB9}.Release|x64.Build.0 = Release|Any CPU
		{7DC0D5CD-DF53-47EC-B948-0305B2BA8BB9}.Release|x86.ActiveCfg = Release|Any CPU
		{7DC0D5CD-DF53-47EC-B948-0305B2BA8BB9}.Release|x86.Build.0 = Release|Any CPU
		{B6B17E8E-2B86-4AEC-83E8-A22631FED079}.Ad-Hoc|Any CPU.ActiveCfg = Release|Any CPU
		{B6B17E8E-2B86-4AEC-83E8-A22631FED079}.Ad-Hoc|Any CPU.Build.0 = Release|Any CPU
		{B6B17E8E-2B86-4AEC-83E8-A22631FED079}.Ad-Hoc|ARM.ActiveCfg = Release|Any CPU
		{B6B17E8E-2B86-4AEC-83E8-A22631FED079}.Ad-Hoc|ARM.Build.0 = Release|Any CPU
		{B6B17E8E-2B86-4AEC-83E8-A22631FED079}.Ad-Hoc|iPhone.ActiveCfg = Release|Any CPU
		{B6B17E8E-2B86-4AEC-83E8-A22631FED079}.Ad-Hoc|iPhone.Build.0 = Release|Any CPU
		{B6B17E8E-2B86-4AEC-83E8-A22631FED079}.Ad-Hoc|iPhoneSimulator.ActiveCfg = Release|Any CPU
		{B6B17E8E-2B86-4AEC-83E8-A22631FED079}.Ad-Hoc|iPhoneSimulator.Build.0 = Release|Any CPU
		{B6B17E8E-2B86-4AEC-83E8-A22631FED079}.Ad-Hoc|x64.ActiveCfg = Release|Any CPU
		{B6B17E8E-2B86-4AEC-83E8-A22631FED079}.Ad-Hoc|x64.Build.0 = Release|Any CPU
		{B6B17E8E-2B86-4AEC-83E8-A22631FED079}.Ad-Hoc|x86.ActiveCfg = Release|Any CPU
		{B6B17E8E-2B86-4AEC-83E8-A22631FED079}.Ad-Hoc|x86.Build.0 = Release|Any CPU
		{B6B17E8E-2B86-4AEC-83E8-A22631FED079}.AppStore|Any CPU.ActiveCfg = Release|Any CPU
		{B6B17E8E-2B86-4AEC-83E8-A22631FED079}.AppStore|Any CPU.Build.0 = Release|Any CPU
		{B6B17E8E-2B86-4AEC-83E8-A22631FED079}.AppStore|ARM.ActiveCfg = Release|Any CPU
		{B6B17E8E-2B86-4AEC-83E8-A22631FED079}.AppStore|ARM.Build.0 = Release|Any CPU
		{B6B17E8E-2B86-4AEC-83E8-A22631FED079}.AppStore|iPhone.ActiveCfg = Release|Any CPU
		{B6B17E8E-2B86-4AEC-83E8-A22631FED079}.AppStore|iPhone.Build.0 = Release|Any CPU
		{B6B17E8E-2B86-4AEC-83E8-A22631FED079}.AppStore|iPhoneSimulator.ActiveCfg = Release|Any CPU
		{B6B17E8E-2B86-4AEC-83E8-A22631FED079}.AppStore|iPhoneSimulator.Build.0 = Release|Any CPU
		{B6B17E8E-2B86-4AEC-83E8-A22631FED079}.AppStore|x64.ActiveCfg = Release|Any CPU
		{B6B17E8E-2B86-4AEC-83E8-A22631FED079}.AppStore|x64.Build.0 = Release|Any CPU
		{B6B17E8E-2B86-4AEC-83E8-A22631FED079}.AppStore|x86.ActiveCfg = Release|Any CPU
		{B6B17E8E-2B86-4AEC-83E8-A22631FED079}.AppStore|x86.Build.0 = Release|Any CPU
		{B6B17E8E-2B86-4AEC-83E8-A22631FED079}.Debug|Any CPU.ActiveCfg = Debug|Any CPU
		{B6B17E8E-2B86-4AEC-83E8-A22631FED079}.Debug|Any CPU.Build.0 = Debug|Any CPU
		{B6B17E8E-2B86-4AEC-83E8-A22631FED079}.Debug|ARM.ActiveCfg = Debug|Any CPU
		{B6B17E8E-2B86-4AEC-83E8-A22631FED079}.Debug|ARM.Build.0 = Debug|Any CPU
		{B6B17E8E-2B86-4AEC-83E8-A22631FED079}.Debug|iPhone.ActiveCfg = Debug|Any CPU
		{B6B17E8E-2B86-4AEC-83E8-A22631FED079}.Debug|iPhone.Build.0 = Debug|Any CPU
		{B6B17E8E-2B86-4AEC-83E8-A22631FED079}.Debug|iPhoneSimulator.ActiveCfg = Debug|Any CPU
		{B6B17E8E-2B86-4AEC-83E8-A22631FED079}.Debug|iPhoneSimulator.Build.0 = Debug|Any CPU
		{B6B17E8E-2B86-4AEC-83E8-A22631FED079}.Debug|x64.ActiveCfg = Debug|Any CPU
		{B6B17E8E-2B86-4AEC-83E8-A22631FED079}.Debug|x64.Build.0 = Debug|Any CPU
		{B6B17E8E-2B86-4AEC-83E8-A22631FED079}.Debug|x86.ActiveCfg = Debug|Any CPU
		{B6B17E8E-2B86-4AEC-83E8-A22631FED079}.Debug|x86.Build.0 = Debug|Any CPU
		{B6B17E8E-2B86-4AEC-83E8-A22631FED079}.Release|Any CPU.ActiveCfg = Release|Any CPU
		{B6B17E8E-2B86-4AEC-83E8-A22631FED079}.Release|Any CPU.Build.0 = Release|Any CPU
		{B6B17E8E-2B86-4AEC-83E8-A22631FED079}.Release|ARM.ActiveCfg = Release|Any CPU
		{B6B17E8E-2B86-4AEC-83E8-A22631FED079}.Release|ARM.Build.0 = Release|Any CPU
		{B6B17E8E-2B86-4AEC-83E8-A22631FED079}.Release|iPhone.ActiveCfg = Release|Any CPU
		{B6B17E8E-2B86-4AEC-83E8-A22631FED079}.Release|iPhone.Build.0 = Release|Any CPU
		{B6B17E8E-2B86-4AEC-83E8-A22631FED079}.Release|iPhoneSimulator.ActiveCfg = Release|Any CPU
		{B6B17E8E-2B86-4AEC-83E8-A22631FED079}.Release|iPhoneSimulator.Build.0 = Release|Any CPU
		{B6B17E8E-2B86-4AEC-83E8-A22631FED079}.Release|x64.ActiveCfg = Release|Any CPU
		{B6B17E8E-2B86-4AEC-83E8-A22631FED079}.Release|x64.Build.0 = Release|Any CPU
		{B6B17E8E-2B86-4AEC-83E8-A22631FED079}.Release|x86.ActiveCfg = Release|Any CPU
		{B6B17E8E-2B86-4AEC-83E8-A22631FED079}.Release|x86.Build.0 = Release|Any CPU
		{4F60BB56-C88D-4D43-98DA-1EAF48C10223}.Ad-Hoc|Any CPU.ActiveCfg = Release|Any CPU
		{4F60BB56-C88D-4D43-98DA-1EAF48C10223}.Ad-Hoc|Any CPU.Build.0 = Release|Any CPU
		{4F60BB56-C88D-4D43-98DA-1EAF48C10223}.Ad-Hoc|ARM.ActiveCfg = Release|Any CPU
		{4F60BB56-C88D-4D43-98DA-1EAF48C10223}.Ad-Hoc|ARM.Build.0 = Release|Any CPU
		{4F60BB56-C88D-4D43-98DA-1EAF48C10223}.Ad-Hoc|iPhone.ActiveCfg = Release|Any CPU
		{4F60BB56-C88D-4D43-98DA-1EAF48C10223}.Ad-Hoc|iPhone.Build.0 = Release|Any CPU
		{4F60BB56-C88D-4D43-98DA-1EAF48C10223}.Ad-Hoc|iPhoneSimulator.ActiveCfg = Release|Any CPU
		{4F60BB56-C88D-4D43-98DA-1EAF48C10223}.Ad-Hoc|iPhoneSimulator.Build.0 = Release|Any CPU
		{4F60BB56-C88D-4D43-98DA-1EAF48C10223}.Ad-Hoc|x64.ActiveCfg = Release|Any CPU
		{4F60BB56-C88D-4D43-98DA-1EAF48C10223}.Ad-Hoc|x64.Build.0 = Release|Any CPU
		{4F60BB56-C88D-4D43-98DA-1EAF48C10223}.Ad-Hoc|x86.ActiveCfg = Release|Any CPU
		{4F60BB56-C88D-4D43-98DA-1EAF48C10223}.Ad-Hoc|x86.Build.0 = Release|Any CPU
		{4F60BB56-C88D-4D43-98DA-1EAF48C10223}.AppStore|Any CPU.ActiveCfg = Release|Any CPU
		{4F60BB56-C88D-4D43-98DA-1EAF48C10223}.AppStore|Any CPU.Build.0 = Release|Any CPU
		{4F60BB56-C88D-4D43-98DA-1EAF48C10223}.AppStore|ARM.ActiveCfg = Release|Any CPU
		{4F60BB56-C88D-4D43-98DA-1EAF48C10223}.AppStore|ARM.Build.0 = Release|Any CPU
		{4F60BB56-C88D-4D43-98DA-1EAF48C10223}.AppStore|iPhone.ActiveCfg = Release|Any CPU
		{4F60BB56-C88D-4D43-98DA-1EAF48C10223}.AppStore|iPhone.Build.0 = Release|Any CPU
		{4F60BB56-C88D-4D43-98DA-1EAF48C10223}.AppStore|iPhoneSimulator.ActiveCfg = Release|Any CPU
		{4F60BB56-C88D-4D43-98DA-1EAF48C10223}.AppStore|iPhoneSimulator.Build.0 = Release|Any CPU
		{4F60BB56-C88D-4D43-98DA-1EAF48C10223}.AppStore|x64.ActiveCfg = Release|Any CPU
		{4F60BB56-C88D-4D43-98DA-1EAF48C10223}.AppStore|x64.Build.0 = Release|Any CPU
		{4F60BB56-C88D-4D43-98DA-1EAF48C10223}.AppStore|x86.ActiveCfg = Release|Any CPU
		{4F60BB56-C88D-4D43-98DA-1EAF48C10223}.AppStore|x86.Build.0 = Release|Any CPU
		{4F60BB56-C88D-4D43-98DA-1EAF48C10223}.Debug|Any CPU.ActiveCfg = Debug|Any CPU
		{4F60BB56-C88D-4D43-98DA-1EAF48C10223}.Debug|Any CPU.Build.0 = Debug|Any CPU
		{4F60BB56-C88D-4D43-98DA-1EAF48C10223}.Debug|ARM.ActiveCfg = Debug|Any CPU
		{4F60BB56-C88D-4D43-98DA-1EAF48C10223}.Debug|ARM.Build.0 = Debug|Any CPU
		{4F60BB56-C88D-4D43-98DA-1EAF48C10223}.Debug|iPhone.ActiveCfg = Debug|Any CPU
		{4F60BB56-C88D-4D43-98DA-1EAF48C10223}.Debug|iPhone.Build.0 = Debug|Any CPU
		{4F60BB56-C88D-4D43-98DA-1EAF48C10223}.Debug|iPhoneSimulator.ActiveCfg = Debug|Any CPU
		{4F60BB56-C88D-4D43-98DA-1EAF48C10223}.Debug|iPhoneSimulator.Build.0 = Debug|Any CPU
		{4F60BB56-C88D-4D43-98DA-1EAF48C10223}.Debug|x64.ActiveCfg = Debug|Any CPU
		{4F60BB56-C88D-4D43-98DA-1EAF48C10223}.Debug|x64.Build.0 = Debug|Any CPU
		{4F60BB56-C88D-4D43-98DA-1EAF48C10223}.Debug|x86.ActiveCfg = Debug|Any CPU
		{4F60BB56-C88D-4D43-98DA-1EAF48C10223}.Debug|x86.Build.0 = Debug|Any CPU
		{4F60BB56-C88D-4D43-98DA-1EAF48C10223}.Release|Any CPU.ActiveCfg = Release|Any CPU
		{4F60BB56-C88D-4D43-98DA-1EAF48C10223}.Release|Any CPU.Build.0 = Release|Any CPU
		{4F60BB56-C88D-4D43-98DA-1EAF48C10223}.Release|ARM.ActiveCfg = Release|Any CPU
		{4F60BB56-C88D-4D43-98DA-1EAF48C10223}.Release|ARM.Build.0 = Release|Any CPU
		{4F60BB56-C88D-4D43-98DA-1EAF48C10223}.Release|iPhone.ActiveCfg = Release|Any CPU
		{4F60BB56-C88D-4D43-98DA-1EAF48C10223}.Release|iPhone.Build.0 = Release|Any CPU
		{4F60BB56-C88D-4D43-98DA-1EAF48C10223}.Release|iPhoneSimulator.ActiveCfg = Release|Any CPU
		{4F60BB56-C88D-4D43-98DA-1EAF48C10223}.Release|iPhoneSimulator.Build.0 = Release|Any CPU
		{4F60BB56-C88D-4D43-98DA-1EAF48C10223}.Release|x64.ActiveCfg = Release|Any CPU
		{4F60BB56-C88D-4D43-98DA-1EAF48C10223}.Release|x64.Build.0 = Release|Any CPU
		{4F60BB56-C88D-4D43-98DA-1EAF48C10223}.Release|x86.ActiveCfg = Release|Any CPU
		{4F60BB56-C88D-4D43-98DA-1EAF48C10223}.Release|x86.Build.0 = Release|Any CPU
	EndGlobalSection
	GlobalSection(SolutionProperties) = preSolution
		HideSolutionNode = FALSE
	EndGlobalSection
	GlobalSection(ExtensibilityGlobals) = postSolution
		SolutionGuid = {4DD4E582-8757-4630-997A-2634EF559DBC}
	EndGlobalSection
EndGlobal
